
Microsoft Visual Studio Solution File, Format Version 11.00
# Visual Studio 2010
Project("{FAE04EC0-301F-11D3-BF4B-00C04F79EFBC}") = "Assembly-CSharp", "Assembly-CSharp.csproj", "{207C4575-4473-307B-742C-E696F6A5C516}"
EndProject
Project("{FAE04EC0-301F-11D3-BF4B-00C04F79EFBC}") = "Assembly-CSharp-firstpass", "Assembly-CSharp-firstpass.csproj", "{4DED761C-8BE2-E545-D607-F6553716ACA3}"
EndProject
Project("{FAE04EC0-301F-11D3-BF4B-00C04F79EFBC}") = "Assembly-CSharp-Editor", "Assembly-CSharp-Editor.csproj", "{BE3709DA-C79B-A712-D0A7-39DE51351B1A}"
EndProject
Global
	GlobalSection(SolutionConfigurationPlatforms) = preSolution
		Debug|Any CPU = Debug|Any CPU
		Release|Any CPU = Release|Any CPU
	EndGlobalSection
	GlobalSection(ProjectConfigurationPlatforms) = postSolution
		{207C4575-4473-307B-742C-E696F6A5C516}.Debug|Any CPU.ActiveCfg = Debug|Any CPU
		{207C4575-4473-307B-742C-E696F6A5C516}.Debug|Any CPU.Build.0 = Debug|Any CPU
		{207C4575-4473-307B-742C-E696F6A5C516}.Release|Any CPU.ActiveCfg = Release|Any CPU
		{207C4575-4473-307B-742C-E696F6A5C516}.Release|Any CPU.Build.0 = Release|Any CPU
		{4DED761C-8BE2-E545-D607-F6553716ACA3}.Debug|Any CPU.ActiveCfg = Debug|Any CPU
		{4DED761C-8BE2-E545-D607-F6553716ACA3}.Debug|Any CPU.Build.0 = Debug|Any CPU
		{4DED761C-8BE2-E545-D607-F6553716ACA3}.Release|Any CPU.ActiveCfg = Release|Any CPU
		{4DED761C-8BE2-E545-D607-F6553716ACA3}.Release|Any CPU.Build.0 = Release|Any CPU
		{BE3709DA-C79B-A712-D0A7-39DE51351B1A}.Debug|Any CPU.ActiveCfg = Debug|Any CPU
		{BE3709DA-C79B-A712-D0A7-39DE51351B1A}.Debug|Any CPU.Build.0 = Debug|Any CPU
		{BE3709DA-C79B-A712-D0A7-39DE51351B1A}.Release|Any CPU.ActiveCfg = Release|Any CPU
		{BE3709DA-C79B-A712-D0A7-39DE51351B1A}.Release|Any CPU.Build.0 = Release|Any CPU
	EndGlobalSection
	GlobalSection(SolutionProperties) = preSolution
		HideSolutionNode = FALSE
	EndGlobalSection
EndGlobal
